
Microsoft Visual Studio Solution File, Format Version 11.00
# Visual Studio 2010
Project("{FAE04EC0-301F-11D3-BF4B-00C04F79EFBC}") = "WinGen_VolID", "WinGen_VolID\WinGen_VolID.csproj", "{402ACC68-6CE2-406A-853C-A26C5E416687}"
EndProject
Global
	GlobalSection(SolutionConfigurationPlatforms) = preSolution
		Debug|x86 = Debug|x86
		Release|x86 = Release|x86
	EndGlobalSection
	GlobalSection(ProjectConfigurationPlatforms) = postSolution
		{402ACC68-6CE2-406A-853C-A26C5E416687}.Debug|x86.ActiveCfg = Debug|x86
		{402ACC68-6CE2-406A-853C-A26C5E416687}.Debug|x86.Build.0 = Debug|x86
		{402ACC68-6CE2-406A-853C-A26C5E416687}.Release|x86.ActiveCfg = Release|x86
		{402ACC68-6CE2-406A-853C-A26C5E416687}.Release|x86.Build.0 = Release|x86
	EndGlobalSection
	GlobalSection(SolutionProperties) = preSolution
		HideSolutionNode = FALSE
	EndGlobalSection
EndGlobal
